// !$*UTF8*$!
{
	archiveVersion = 1;
	classes = {
	};
	objectVersion = 50;
	objects = {

/* Begin PBXBuildFile section */
		0789C2BE23B8563900354D9C /* SLEncryptStringDataM.tpl in Resources */ = {isa = PBXBuildFile; fileRef = 0789C2B823B8563900354D9C /* SLEncryptStringDataM.tpl */; };
		0789C2BF23B8563900354D9C /* SLEncryptStringM.tpl in Resources */ = {isa = PBXBuildFile; fileRef = 0789C2B923B8563900354D9C /* SLEncryptStringM.tpl */; };
		0789C2C023B8563900354D9C /* SLEncryptStringDataHUnit.tpl in Resources */ = {isa = PBXBuildFile; fileRef = 0789C2BA23B8563900354D9C /* SLEncryptStringDataHUnit.tpl */; };
		0789C2C123B8563900354D9C /* SLEncryptStringDataMUnit.tpl in Resources */ = {isa = PBXBuildFile; fileRef = 0789C2BB23B8563900354D9C /* SLEncryptStringDataMUnit.tpl */; };
		0789C2C223B8563900354D9C /* SLEncryptStringH.tpl in Resources */ = {isa = PBXBuildFile; fileRef = 0789C2BC23B8563900354D9C /* SLEncryptStringH.tpl */; };
		0789C2C323B8563900354D9C /* SLEncryptStringDataH.tpl in Resources */ = {isa = PBXBuildFile; fileRef = 0789C2BD23B8563900354D9C /* SLEncryptStringDataH.tpl */; };
		0789C2C823B856D600354D9C /* SLCodeViewController.m in Sources */ = {isa = PBXBuildFile; fileRef = 0789C2C523B856D600354D9C /* SLCodeViewController.m */; };
		0789C2C923B856D600354D9C /* SLStringViewController.m in Sources */ = {isa = PBXBuildFile; fileRef = 0789C2C723B856D600354D9C /* SLStringViewController.m */; };
		0789C2D023B8574700354D9C /* SLTextField.m in Sources */ = {isa = PBXBuildFile; fileRef = 0789C2CB23B8574700354D9C /* SLTextField.m */; };
		0789C2D123B8574700354D9C /* SLDividerView.m in Sources */ = {isa = PBXBuildFile; fileRef = 0789C2CE23B8574700354D9C /* SLDividerView.m */; };
		0789C2D223B8574700354D9C /* SLTextView.m in Sources */ = {isa = PBXBuildFile; fileRef = 0789C2CF23B8574700354D9C /* SLTextView.m */; };
		0789C2D723B8578200354D9C /* SLObfuscationTool.m in Sources */ = {isa = PBXBuildFile; fileRef = 0789C2D523B8578200354D9C /* SLObfuscationTool.m */; };
		0789C2D823B8578200354D9C /* SLClangTool.m in Sources */ = {isa = PBXBuildFile; fileRef = 0789C2D623B8578200354D9C /* SLClangTool.m */; };
		07E342BF23BE06D000F8F58A /* script in Resources */ = {isa = PBXBuildFile; fileRef = 07E342BE23BE06D000F8F58A /* script */; };
		07E342C223BE0B1D00F8F58A /* Test.h in Resources */ = {isa = PBXBuildFile; fileRef = 07E342C123BE0AB400F8F58A /* Test.h */; };
		2D7B47972126C46D006D5755 /* libclang.dylib in Frameworks */ = {isa = PBXBuildFile; fileRef = 2D7B47962126C46D006D5755 /* libclang.dylib */; };
		2DCF3D6A21257FAF00E32B33 /* AppDelegate.m in Sources */ = {isa = PBXBuildFile; fileRef = 2DCF3D6921257FAF00E32B33 /* AppDelegate.m */; };
		2DCF3D6F21257FB000E32B33 /* Assets.xcassets in Resources */ = {isa = PBXBuildFile; fileRef = 2DCF3D6E21257FB000E32B33 /* Assets.xcassets */; };
		2DCF3D7221257FB000E32B33 /* Main.storyboard in Resources */ = {isa = PBXBuildFile; fileRef = 2DCF3D7021257FB000E32B33 /* Main.storyboard */; };
		2DCF3D7521257FB000E32B33 /* main.m in Sources */ = {isa = PBXBuildFile; fileRef = 2DCF3D7421257FB000E32B33 /* main.m */; };
		2DCF3D972125873A00E32B33 /* NSString+Extension.m in Sources */ = {isa = PBXBuildFile; fileRef = 2DCF3D8F2125873A00E32B33 /* NSString+Extension.m */; };
		2DCF3D9A21259B0500E32B33 /* NSFileManager+Extension.m in Sources */ = {isa = PBXBuildFile; fileRef = 2DCF3D9921259B0500E32B33 /* NSFileManager+Extension.m */; };
/* End PBXBuildFile section */

/* Begin PBXFileReference section */
		0789C2B823B8563900354D9C /* SLEncryptStringDataM.tpl */ = {isa = PBXFileReference; fileEncoding = 4; lastKnownFileType = text; path = SLEncryptStringDataM.tpl; sourceTree = "<group>"; };
		0789C2B923B8563900354D9C /* SLEncryptStringM.tpl */ = {isa = PBXFileReference; fileEncoding = 4; lastKnownFileType = text; path = SLEncryptStringM.tpl; sourceTree = "<group>"; };
		0789C2BA23B8563900354D9C /* SLEncryptStringDataHUnit.tpl */ = {isa = PBXFileReference; fileEncoding = 4; lastKnownFileType = text; path = SLEncryptStringDataHUnit.tpl; sourceTree = "<group>"; };
		0789C2BB23B8563900354D9C /* SLEncryptStringDataMUnit.tpl */ = {isa = PBXFileReference; fileEncoding = 4; lastKnownFileType = text; path = SLEncryptStringDataMUnit.tpl; sourceTree = "<group>"; };
		0789C2BC23B8563900354D9C /* SLEncryptStringH.tpl */ = {isa = PBXFileReference; fileEncoding = 4; lastKnownFileType = text; path = SLEncryptStringH.tpl; sourceTree = "<group>"; };
		0789C2BD23B8563900354D9C /* SLEncryptStringDataH.tpl */ = {isa = PBXFileReference; fileEncoding = 4; lastKnownFileType = text; path = SLEncryptStringDataH.tpl; sourceTree = "<group>"; };
		0789C2C423B856D600354D9C /* SLCodeViewController.h */ = {isa = PBXFileReference; fileEncoding = 4; lastKnownFileType = sourcecode.c.h; path = SLCodeViewController.h; sourceTree = "<group>"; };
		0789C2C523B856D600354D9C /* SLCodeViewController.m */ = {isa = PBXFileReference; fileEncoding = 4; lastKnownFileType = sourcecode.c.objc; path = SLCodeViewController.m; sourceTree = "<group>"; };
		0789C2C623B856D600354D9C /* SLStringViewController.h */ = {isa = PBXFileReference; fileEncoding = 4; lastKnownFileType = sourcecode.c.h; path = SLStringViewController.h; sourceTree = "<group>"; };
		0789C2C723B856D600354D9C /* SLStringViewController.m */ = {isa = PBXFileReference; fileEncoding = 4; lastKnownFileType = sourcecode.c.objc; path = SLStringViewController.m; sourceTree = "<group>"; };
		0789C2CA23B8574700354D9C /* SLTextField.h */ = {isa = PBXFileReference; fileEncoding = 4; lastKnownFileType = sourcecode.c.h; path = SLTextField.h; sourceTree = "<group>"; };
		0789C2CB23B8574700354D9C /* SLTextField.m */ = {isa = PBXFileReference; fileEncoding = 4; lastKnownFileType = sourcecode.c.objc; path = SLTextField.m; sourceTree = "<group>"; };
		0789C2CC23B8574700354D9C /* SLTextView.h */ = {isa = PBXFileReference; fileEncoding = 4; lastKnownFileType = sourcecode.c.h; path = SLTextView.h; sourceTree = "<group>"; };
		0789C2CD23B8574700354D9C /* SLDividerView.h */ = {isa = PBXFileReference; fileEncoding = 4; lastKnownFileType = sourcecode.c.h; path = SLDividerView.h; sourceTree = "<group>"; };
		0789C2CE23B8574700354D9C /* SLDividerView.m */ = {isa = PBXFileReference; fileEncoding = 4; lastKnownFileType = sourcecode.c.objc; path = SLDividerView.m; sourceTree = "<group>"; };
		0789C2CF23B8574700354D9C /* SLTextView.m */ = {isa = PBXFileReference; fileEncoding = 4; lastKnownFileType = sourcecode.c.objc; path = SLTextView.m; sourceTree = "<group>"; };
		0789C2D323B8578200354D9C /* SLClangTool.h */ = {isa = PBXFileReference; fileEncoding = 4; lastKnownFileType = sourcecode.c.h; path = SLClangTool.h; sourceTree = "<group>"; };
		0789C2D423B8578200354D9C /* SLObfuscationTool.h */ = {isa = PBXFileReference; fileEncoding = 4; lastKnownFileType = sourcecode.c.h; path = SLObfuscationTool.h; sourceTree = "<group>"; };
		0789C2D523B8578200354D9C /* SLObfuscationTool.m */ = {isa = PBXFileReference; fileEncoding = 4; lastKnownFileType = sourcecode.c.objc; path = SLObfuscationTool.m; sourceTree = "<group>"; };
		0789C2D623B8578200354D9C /* SLClangTool.m */ = {isa = PBXFileReference; fileEncoding = 4; lastKnownFileType = sourcecode.c.objc; path = SLClangTool.m; sourceTree = "<group>"; };
		07E342BE23BE06D000F8F58A /* script */ = {isa = PBXFileReference; lastKnownFileType = folder; path = script; sourceTree = "<group>"; };
		07E342C123BE0AB400F8F58A /* Test.h */ = {isa = PBXFileReference; lastKnownFileType = sourcecode.c.h; path = Test.h; sourceTree = "<group>"; };
		2D7B478B2126C436006D5755 /* Index.h */ = {isa = PBXFileReference; lastKnownFileType = sourcecode.c.h; path = Index.h; sourceTree = "<group>"; };
		2D7B478C2126C436006D5755 /* BuildSystem.h */ = {isa = PBXFileReference; lastKnownFileType = sourcecode.c.h; path = BuildSystem.h; sourceTree = "<group>"; };
		2D7B478D2126C436006D5755 /* Documentation.h */ = {isa = PBXFileReference; lastKnownFileType = sourcecode.c.h; path = Documentation.h; sourceTree = "<group>"; };
		2D7B478E2126C436006D5755 /* CXCompilationDatabase.h */ = {isa = PBXFileReference; lastKnownFileType = sourcecode.c.h; path = CXCompilationDatabase.h; sourceTree = "<group>"; };
		2D7B478F2126C436006D5755 /* CXErrorCode.h */ = {isa = PBXFileReference; lastKnownFileType = sourcecode.c.h; path = CXErrorCode.h; sourceTree = "<group>"; };
		2D7B47902126C436006D5755 /* CXString.h */ = {isa = PBXFileReference; lastKnownFileType = sourcecode.c.h; path = CXString.h; sourceTree = "<group>"; };
		2D7B47912126C436006D5755 /* Platform.h */ = {isa = PBXFileReference; lastKnownFileType = sourcecode.c.h; path = Platform.h; sourceTree = "<group>"; };
		2D7B47962126C46D006D5755 /* libclang.dylib */ = {isa = PBXFileReference; lastKnownFileType = "compiled.mach-o.dylib"; name = libclang.dylib; path = Toolchains/XcodeDefault.xctoolchain/usr/lib/libclang.dylib; sourceTree = DEVELOPER_DIR; };
		2DCF3D6521257FAF00E32B33 /* CoderTools.app */ = {isa = PBXFileReference; explicitFileType = wrapper.application; includeInIndex = 0; path = CoderTools.app; sourceTree = BUILT_PRODUCTS_DIR; };
		2DCF3D6821257FAF00E32B33 /* AppDelegate.h */ = {isa = PBXFileReference; lastKnownFileType = sourcecode.c.h; path = AppDelegate.h; sourceTree = "<group>"; };
		2DCF3D6921257FAF00E32B33 /* AppDelegate.m */ = {isa = PBXFileReference; lastKnownFileType = sourcecode.c.objc; path = AppDelegate.m; sourceTree = "<group>"; };
		2DCF3D6E21257FB000E32B33 /* Assets.xcassets */ = {isa = PBXFileReference; lastKnownFileType = folder.assetcatalog; path = Assets.xcassets; sourceTree = "<group>"; };
		2DCF3D7121257FB000E32B33 /* Base */ = {isa = PBXFileReference; lastKnownFileType = file.storyboard; name = Base; path = Base.lproj/Main.storyboard; sourceTree = "<group>"; };
		2DCF3D7321257FB000E32B33 /* Info.plist */ = {isa = PBXFileReference; lastKnownFileType = text.plist.xml; path = Info.plist; sourceTree = "<group>"; };
		2DCF3D7421257FB000E32B33 /* main.m */ = {isa = PBXFileReference; lastKnownFileType = sourcecode.c.objc; path = main.m; sourceTree = "<group>"; };
		2DCF3D7621257FB000E32B33 /* CoderTools.entitlements */ = {isa = PBXFileReference; lastKnownFileType = text.plist.entitlements; path = CoderTools.entitlements; sourceTree = "<group>"; };
		2DCF3D8D2125873A00E32B33 /* NSString+Extension.h */ = {isa = PBXFileReference; fileEncoding = 4; lastKnownFileType = sourcecode.c.h; path = "NSString+Extension.h"; sourceTree = "<group>"; };
		2DCF3D8F2125873A00E32B33 /* NSString+Extension.m */ = {isa = PBXFileReference; fileEncoding = 4; lastKnownFileType = sourcecode.c.objc; path = "NSString+Extension.m"; sourceTree = "<group>"; };
		2DCF3D9821259B0500E32B33 /* NSFileManager+Extension.h */ = {isa = PBXFileReference; lastKnownFileType = sourcecode.c.h; path = "NSFileManager+Extension.h"; sourceTree = "<group>"; };
		2DCF3D9921259B0500E32B33 /* NSFileManager+Extension.m */ = {isa = PBXFileReference; lastKnownFileType = sourcecode.c.objc; path = "NSFileManager+Extension.m"; sourceTree = "<group>"; };
/* End PBXFileReference section */

/* Begin PBXFrameworksBuildPhase section */
		2DCF3D6221257FAF00E32B33 /* Frameworks */ = {
			isa = PBXFrameworksBuildPhase;
			buildActionMask = 2147483647;
			files = (
				2D7B47972126C46D006D5755 /* libclang.dylib in Frameworks */,
			);
			runOnlyForDeploymentPostprocessing = 0;
		};
/* End PBXFrameworksBuildPhase section */

/* Begin PBXGroup section */
		2D3716D3212802BF00A5F250 /* Controller */ = {
			isa = PBXGroup;
			children = (
				0789C2C423B856D600354D9C /* SLCodeViewController.h */,
				0789C2C523B856D600354D9C /* SLCodeViewController.m */,
				0789C2C623B856D600354D9C /* SLStringViewController.h */,
				0789C2C723B856D600354D9C /* SLStringViewController.m */,
			);
			path = Controller;
			sourceTree = "<group>";
		};
		2D3716E42128169600A5F250 /* Template */ = {
			isa = PBXGroup;
			children = (
				07E342C123BE0AB400F8F58A /* Test.h */,
				0789C2BD23B8563900354D9C /* SLEncryptStringDataH.tpl */,
				0789C2BA23B8563900354D9C /* SLEncryptStringDataHUnit.tpl */,
				0789C2B823B8563900354D9C /* SLEncryptStringDataM.tpl */,
				0789C2BB23B8563900354D9C /* SLEncryptStringDataMUnit.tpl */,
				0789C2BC23B8563900354D9C /* SLEncryptStringH.tpl */,
				0789C2B923B8563900354D9C /* SLEncryptStringM.tpl */,
			);
			path = Template;
			sourceTree = "<group>";
		};
		2D7B47862126BE4A006D5755 /* View */ = {
			isa = PBXGroup;
			children = (
				0789C2CD23B8574700354D9C /* SLDividerView.h */,
				0789C2CE23B8574700354D9C /* SLDividerView.m */,
				0789C2CA23B8574700354D9C /* SLTextField.h */,
				0789C2CB23B8574700354D9C /* SLTextField.m */,
				0789C2CC23B8574700354D9C /* SLTextView.h */,
				0789C2CF23B8574700354D9C /* SLTextView.m */,
			);
			path = View;
			sourceTree = "<group>";
		};
		2D7B478A2126C436006D5755 /* clang-c */ = {
			isa = PBXGroup;
			children = (
				2D7B478B2126C436006D5755 /* Index.h */,
				2D7B478C2126C436006D5755 /* BuildSystem.h */,
				2D7B478D2126C436006D5755 /* Documentation.h */,
				2D7B478E2126C436006D5755 /* CXCompilationDatabase.h */,
				2D7B478F2126C436006D5755 /* CXErrorCode.h */,
				2D7B47902126C436006D5755 /* CXString.h */,
				2D7B47912126C436006D5755 /* Platform.h */,
			);
			path = "clang-c";
			sourceTree = "<group>";
		};
		2D7B47952126C46D006D5755 /* Frameworks */ = {
			isa = PBXGroup;
			children = (
				2D7B47962126C46D006D5755 /* libclang.dylib */,
			);
			name = Frameworks;
			sourceTree = "<group>";
		};
		2D8FF87B2126FCD600950CF4 /* Classes */ = {
			isa = PBXGroup;
			children = (
				2D3716D3212802BF00A5F250 /* Controller */,
				2D8FF87D2126FD4000950CF4 /* Category */,
				2D7B478A2126C436006D5755 /* clang-c */,
				2D7B47862126BE4A006D5755 /* View */,
				2DCF3D8B2125873A00E32B33 /* Tool */,
				2DCF3D6821257FAF00E32B33 /* AppDelegate.h */,
				2DCF3D6921257FAF00E32B33 /* AppDelegate.m */,
			);
			path = Classes;
			sourceTree = "<group>";
		};
		2D8FF87C2126FCF000950CF4 /* Other */ = {
			isa = PBXGroup;
			children = (
				2DCF3D6E21257FB000E32B33 /* Assets.xcassets */,
				2DCF3D7021257FB000E32B33 /* Main.storyboard */,
				2DCF3D7321257FB000E32B33 /* Info.plist */,
				2DCF3D7421257FB000E32B33 /* main.m */,
				2DCF3D7621257FB000E32B33 /* CoderTools.entitlements */,
			);
			path = Other;
			sourceTree = "<group>";
		};
		2D8FF87D2126FD4000950CF4 /* Category */ = {
			isa = PBXGroup;
			children = (
				2DCF3D8D2125873A00E32B33 /* NSString+Extension.h */,
				2DCF3D8F2125873A00E32B33 /* NSString+Extension.m */,
				2DCF3D9821259B0500E32B33 /* NSFileManager+Extension.h */,
				2DCF3D9921259B0500E32B33 /* NSFileManager+Extension.m */,
			);
			path = Category;
			sourceTree = "<group>";
		};
		2DCF3D5C21257FAF00E32B33 = {
			isa = PBXGroup;
			children = (
				2DCF3D6721257FAF00E32B33 /* CoderTools */,
				2DCF3D6621257FAF00E32B33 /* Products */,
				2D7B47952126C46D006D5755 /* Frameworks */,
			);
			sourceTree = "<group>";
		};
		2DCF3D6621257FAF00E32B33 /* Products */ = {
			isa = PBXGroup;
			children = (
				2DCF3D6521257FAF00E32B33 /* CoderTools.app */,
			);
			name = Products;
			sourceTree = "<group>";
		};
		2DCF3D6721257FAF00E32B33 /* CoderTools */ = {
			isa = PBXGroup;
			children = (
				07E342BE23BE06D000F8F58A /* script */,
				2D3716E42128169600A5F250 /* Template */,
				2D8FF87B2126FCD600950CF4 /* Classes */,
				2D8FF87C2126FCF000950CF4 /* Other */,
			);
			path = CoderTools;
			sourceTree = "<group>";
		};
		2DCF3D8B2125873A00E32B33 /* Tool */ = {
			isa = PBXGroup;
			children = (
				0789C2D323B8578200354D9C /* SLClangTool.h */,
				0789C2D623B8578200354D9C /* SLClangTool.m */,
				0789C2D423B8578200354D9C /* SLObfuscationTool.h */,
				0789C2D523B8578200354D9C /* SLObfuscationTool.m */,
			);
			path = Tool;
			sourceTree = "<group>";
		};
/* End PBXGroup section */

/* Begin PBXNativeTarget section */
		2DCF3D6421257FAF00E32B33 /* CoderTools */ = {
			isa = PBXNativeTarget;
			buildConfigurationList = 2DCF3D7921257FB000E32B33 /* Build configuration list for PBXNativeTarget "CoderTools" */;
			buildPhases = (
				2DCF3D6121257FAF00E32B33 /* Sources */,
				2DCF3D6221257FAF00E32B33 /* Frameworks */,
				2DCF3D6321257FAF00E32B33 /* Resources */,
			);
			buildRules = (
			);
			dependencies = (
			);
			name = CoderTools;
			productName = MJCodeObfuscation;
			productReference = 2DCF3D6521257FAF00E32B33 /* CoderTools.app */;
			productType = "com.apple.product-type.application";
		};
/* End PBXNativeTarget section */

/* Begin PBXProject section */
		2DCF3D5D21257FAF00E32B33 /* Project object */ = {
			isa = PBXProject;
			attributes = {
				LastUpgradeCheck = 0930;
				ORGANIZATIONNAME = "MJ Lee";
				TargetAttributes = {
					2DCF3D6421257FAF00E32B33 = {
						CreatedOnToolsVersion = 9.3.1;
						SystemCapabilities = {
							com.apple.Sandbox = {
								enabled = 1;
							};
						};
					};
				};
			};
			buildConfigurationList = 2DCF3D6021257FAF00E32B33 /* Build configuration list for PBXProject "CoderTools" */;
			compatibilityVersion = "Xcode 9.3";
			developmentRegion = en;
			hasScannedForEncodings = 0;
			knownRegions = (
				en,
				Base,
			);
			mainGroup = 2DCF3D5C21257FAF00E32B33;
			productRefGroup = 2DCF3D6621257FAF00E32B33 /* Products */;
			projectDirPath = "";
			projectRoot = "";
			targets = (
				2DCF3D6421257FAF00E32B33 /* CoderTools */,
			);
		};
/* End PBXProject section */

/* Begin PBXResourcesBuildPhase section */
		2DCF3D6321257FAF00E32B33 /* Resources */ = {
			isa = PBXResourcesBuildPhase;
			buildActionMask = 2147483647;
			files = (
				07E342C223BE0B1D00F8F58A /* Test.h in Resources */,
				0789C2BE23B8563900354D9C /* SLEncryptStringDataM.tpl in Resources */,
				0789C2C223B8563900354D9C /* SLEncryptStringH.tpl in Resources */,
				2DCF3D6F21257FB000E32B33 /* Assets.xcassets in Resources */,
				07E342BF23BE06D000F8F58A /* script in Resources */,
				0789C2C323B8563900354D9C /* SLEncryptStringDataH.tpl in Resources */,
				0789C2BF23B8563900354D9C /* SLEncryptStringM.tpl in Resources */,
				0789C2C023B8563900354D9C /* SLEncryptStringDataHUnit.tpl in Resources */,
				0789C2C123B8563900354D9C /* SLEncryptStringDataMUnit.tpl in Resources */,
				2DCF3D7221257FB000E32B33 /* Main.storyboard in Resources */,
			);
			runOnlyForDeploymentPostprocessing = 0;
		};
/* End PBXResourcesBuildPhase section */

/* Begin PBXSourcesBuildPhase section */
		2DCF3D6121257FAF00E32B33 /* Sources */ = {
			isa = PBXSourcesBuildPhase;
			buildActionMask = 2147483647;
			files = (
				0789C2D823B8578200354D9C /* SLClangTool.m in Sources */,
				2DCF3D7521257FB000E32B33 /* main.m in Sources */,
				0789C2D023B8574700354D9C /* SLTextField.m in Sources */,
				0789C2D223B8574700354D9C /* SLTextView.m in Sources */,
				2DCF3D9A21259B0500E32B33 /* NSFileManager+Extension.m in Sources */,
				0789C2D723B8578200354D9C /* SLObfuscationTool.m in Sources */,
				0789C2C823B856D600354D9C /* SLCodeViewController.m in Sources */,
				0789C2D123B8574700354D9C /* SLDividerView.m in Sources */,
				2DCF3D972125873A00E32B33 /* NSString+Extension.m in Sources */,
				2DCF3D6A21257FAF00E32B33 /* AppDelegate.m in Sources */,
				0789C2C923B856D600354D9C /* SLStringViewController.m in Sources */,
			);
			runOnlyForDeploymentPostprocessing = 0;
		};
/* End PBXSourcesBuildPhase section */

/* Begin PBXVariantGroup section */
		2DCF3D7021257FB000E32B33 /* Main.storyboard */ = {
			isa = PBXVariantGroup;
			children = (
				2DCF3D7121257FB000E32B33 /* Base */,
			);
			name = Main.storyboard;
			sourceTree = "<group>";
		};
/* End PBXVariantGroup section */

/* Begin XCBuildConfiguration section */
		2DCF3D7721257FB000E32B33 /* Debug */ = {
			isa = XCBuildConfiguration;
			buildSettings = {
				ALWAYS_SEARCH_USER_PATHS = NO;
				CLANG_ANALYZER_NONNULL = YES;
				CLANG_ANALYZER_NUMBER_OBJECT_CONVERSION = YES_AGGRESSIVE;
				CLANG_CXX_LANGUAGE_STANDARD = "gnu++14";
				CLANG_CXX_LIBRARY = "libc++";
				CLANG_ENABLE_MODULES = YES;
				CLANG_ENABLE_OBJC_ARC = YES;
				CLANG_ENABLE_OBJC_WEAK = YES;
				CLANG_WARN_BLOCK_CAPTURE_AUTORELEASING = YES;
				CLANG_WARN_BOOL_CONVERSION = YES;
				CLANG_WARN_COMMA = YES;
				CLANG_WARN_CONSTANT_CONVERSION = YES;
				CLANG_WARN_DEPRECATED_OBJC_IMPLEMENTATIONS = YES;
				CLANG_WARN_DIRECT_OBJC_ISA_USAGE = YES_ERROR;
				CLANG_WARN_DOCUMENTATION_COMMENTS = YES;
				CLANG_WARN_EMPTY_BODY = YES;
				CLANG_WARN_ENUM_CONVERSION = YES;
				CLANG_WARN_INFINITE_RECURSION = YES;
				CLANG_WARN_INT_CONVERSION = YES;
				CLANG_WARN_NON_LITERAL_NULL_CONVERSION = YES;
				CLANG_WARN_OBJC_IMPLICIT_RETAIN_SELF = YES;
				CLANG_WARN_OBJC_LITERAL_CONVERSION = YES;
				CLANG_WARN_OBJC_ROOT_CLASS = YES_ERROR;
				CLANG_WARN_RANGE_LOOP_ANALYSIS = YES;
				CLANG_WARN_STRICT_PROTOTYPES = YES;
				CLANG_WARN_SUSPICIOUS_MOVE = YES;
				CLANG_WARN_UNGUARDED_AVAILABILITY = YES_AGGRESSIVE;
				CLANG_WARN_UNREACHABLE_CODE = YES;
				CLANG_WARN__DUPLICATE_METHOD_MATCH = YES;
				CODE_SIGN_IDENTITY = "-";
				COPY_PHASE_STRIP = NO;
				DEBUG_INFORMATION_FORMAT = dwarf;
				ENABLE_STRICT_OBJC_MSGSEND = YES;
				ENABLE_TESTABILITY = YES;
				GCC_C_LANGUAGE_STANDARD = gnu11;
				GCC_DYNAMIC_NO_PIC = NO;
				GCC_NO_COMMON_BLOCKS = YES;
				GCC_OPTIMIZATION_LEVEL = 0;
				GCC_PREPROCESSOR_DEFINITIONS = (
					"DEBUG=1",
					"$(inherited)",
				);
				GCC_WARN_64_TO_32_BIT_CONVERSION = YES;
				GCC_WARN_ABOUT_RETURN_TYPE = YES_ERROR;
				GCC_WARN_UNDECLARED_SELECTOR = YES;
				GCC_WARN_UNINITIALIZED_AUTOS = YES_AGGRESSIVE;
				GCC_WARN_UNUSED_FUNCTION = YES;
				GCC_WARN_UNUSED_VARIABLE = YES;
				MACOSX_DEPLOYMENT_TARGET = 10.13;
				MTL_ENABLE_DEBUG_INFO = YES;
				ONLY_ACTIVE_ARCH = YES;
				SDKROOT = macosx;
			};
			name = Debug;
		};
		2DCF3D7821257FB000E32B33 /* Release */ = {
			isa = XCBuildConfiguration;
			buildSettings = {
				ALWAYS_SEARCH_USER_PATHS = NO;
				CLANG_ANALYZER_NONNULL = YES;
				CLANG_ANALYZER_NUMBER_OBJECT_CONVERSION = YES_AGGRESSIVE;
				CLANG_CXX_LANGUAGE_STANDARD = "gnu++14";
				CLANG_CXX_LIBRARY = "libc++";
				CLANG_ENABLE_MODULES = YES;
				CLANG_ENABLE_OBJC_ARC = YES;
				CLANG_ENABLE_OBJC_WEAK = YES;
				CLANG_WARN_BLOCK_CAPTURE_AUTORELEASING = YES;
				CLANG_WARN_BOOL_CONVERSION = YES;
				CLANG_WARN_COMMA = YES;
				CLANG_WARN_CONSTANT_CONVERSION = YES;
				CLANG_WARN_DEPRECATED_OBJC_IMPLEMENTATIONS = YES;
				CLANG_WARN_DIRECT_OBJC_ISA_USAGE = YES_ERROR;
				CLANG_WARN_DOCUMENTATION_COMMENTS = YES;
				CLANG_WARN_EMPTY_BODY = YES;
				CLANG_WARN_ENUM_CONVERSION = YES;
				CLANG_WARN_INFINITE_RECURSION = YES;
				CLANG_WARN_INT_CONVERSION = YES;
				CLANG_WARN_NON_LITERAL_NULL_CONVERSION = YES;
				CLANG_WARN_OBJC_IMPLICIT_RETAIN_SELF = YES;
				CLANG_WARN_OBJC_LITERAL_CONVERSION = YES;
				CLANG_WARN_OBJC_ROOT_CLASS = YES_ERROR;
				CLANG_WARN_RANGE_LOOP_ANALYSIS = YES;
				CLANG_WARN_STRICT_PROTOTYPES = YES;
				CLANG_WARN_SUSPICIOUS_MOVE = YES;
				CLANG_WARN_UNGUARDED_AVAILABILITY = YES_AGGRESSIVE;
				CLANG_WARN_UNREACHABLE_CODE = YES;
				CLANG_WARN__DUPLICATE_METHOD_MATCH = YES;
				CODE_SIGN_IDENTITY = "-";
				COPY_PHASE_STRIP = NO;
				DEBUG_INFORMATION_FORMAT = "dwarf-with-dsym";
				ENABLE_NS_ASSERTIONS = NO;
				ENABLE_STRICT_OBJC_MSGSEND = YES;
				GCC_C_LANGUAGE_STANDARD = gnu11;
				GCC_NO_COMMON_BLOCKS = YES;
				GCC_WARN_64_TO_32_BIT_CONVERSION = YES;
				GCC_WARN_ABOUT_RETURN_TYPE = YES_ERROR;
				GCC_WARN_UNDECLARED_SELECTOR = YES;
				GCC_WARN_UNINITIALIZED_AUTOS = YES_AGGRESSIVE;
				GCC_WARN_UNUSED_FUNCTION = YES;
				GCC_WARN_UNUSED_VARIABLE = YES;
				MACOSX_DEPLOYMENT_TARGET = 10.13;
				MTL_ENABLE_DEBUG_INFO = NO;
				SDKROOT = macosx;
			};
			name = Release;
		};
		2DCF3D7A21257FB000E32B33 /* Debug */ = {
			isa = XCBuildConfiguration;
			buildSettings = {
				ASSETCATALOG_COMPILER_APPICON_NAME = AppIcon;
				CLANG_ENABLE_MODULES = YES;
				CODE_SIGN_ENTITLEMENTS = CoderTools/Other/CoderTools.entitlements;
				CODE_SIGN_STYLE = Automatic;
				COMBINE_HIDPI_IMAGES = YES;
				FRAMEWORK_SEARCH_PATHS = (
					"$(inherited)",
					"$(PROJECT_DIR)/CoderTools",
				);
				HEADER_SEARCH_PATHS = "$(SRCROOT)/CoderTools/**";
				INFOPLIST_FILE = CoderTools/Other/Info.plist;
				LD_RUNPATH_SEARCH_PATHS = (
					"$(inherited)",
					"@executable_path/../Frameworks",
					"$(DEVELOPER_DIR)/Toolchains/XcodeDefault.xctoolchain/usr/lib",
				);
				LIBRARY_SEARCH_PATHS = "$(DEVELOPER_DIR)/Toolchains/XcodeDefault.xctoolchain/usr/lib";
				PRODUCT_BUNDLE_IDENTIFIER = com.forest.songlin;
				PRODUCT_NAME = "$(TARGET_NAME)";
			};
			name = Debug;
		};
		2DCF3D7B21257FB000E32B33 /* Release */ = {
			isa = XCBuildConfiguration;
			buildSettings = {
				ASSETCATALOG_COMPILER_APPICON_NAME = AppIcon;
				CLANG_ENABLE_MODULES = YES;
				CODE_SIGN_ENTITLEMENTS = CoderTools/Other/CoderTools.entitlements;
				CODE_SIGN_STYLE = Automatic;
				COMBINE_HIDPI_IMAGES = YES;
				FRAMEWORK_SEARCH_PATHS = (
					"$(inherited)",
					"$(PROJECT_DIR)/CoderTools",
				);
				HEADER_SEARCH_PATHS = "$(SRCROOT)/CoderTools/**";
				INFOPLIST_FILE = CoderTools/Other/Info.plist;
				LD_RUNPATH_SEARCH_PATHS = (
					"$(inherited)",
					"@executable_path/../Frameworks",
					"$(DEVELOPER_DIR)/Toolchains/XcodeDefault.xctoolchain/usr/lib",
				);
				LIBRARY_SEARCH_PATHS = "$(DEVELOPER_DIR)/Toolchains/XcodeDefault.xctoolchain/usr/lib";
				PRODUCT_BUNDLE_IDENTIFIER = com.forest.songlin;
				PRODUCT_NAME = "$(TARGET_NAME)";
			};
			name = Release;
		};
/* End XCBuildConfiguration section */

/* Begin XCConfigurationList section */
		2DCF3D6021257FAF00E32B33 /* Build configuration list for PBXProject "CoderTools" */ = {
			isa = XCConfigurationList;
			buildConfigurations = (
				2DCF3D7721257FB000E32B33 /* Debug */,
				2DCF3D7821257FB000E32B33 /* Release */,
			);
			defaultConfigurationIsVisible = 0;
			defaultConfigurationName = Release;
		};
		2DCF3D7921257FB000E32B33 /* Build configuration list for PBXNativeTarget "CoderTools" */ = {
			isa = XCConfigurationList;
			buildConfigurations = (
				2DCF3D7A21257FB000E32B33 /* Debug */,
				2DCF3D7B21257FB000E32B33 /* Release */,
			);
			defaultConfigurationIsVisible = 0;
			defaultConfigurationName = Release;
		};
/* End XCConfigurationList section */
	};
	rootObject = 2DCF3D5D21257FAF00E32B33 /* Project object */;
}
